
Microsoft Visual Studio Solution File, Format Version 11.00
# Visual Studio 2010
Project("{8BC9CEB8-8B4A-11D0-8D11-00A0C91BC942}") = "game", "game.vcxproj", "{378E277F-6DA0-4E8F-BFAE-948496DD3BD4}"
EndProject
Project("{8BC9CEB8-8B4A-11D0-8D11-00A0C91BC942}") = "libbulletcollision", "..\..\lib\bullet\msvc\8\libbulletcollision.vcxproj", "{6ADA430D-009C-2ED4-A787-2AC2D6FEB8CE}"
EndProject
Project("{8BC9CEB8-8B4A-11D0-8D11-00A0C91BC942}") = "libbulletdynamics", "..\..\lib\bullet\msvc\8\libbulletdynamics.vcxproj", "{61BD1097-CF2E-B296-DAA9-73A6FE135319}"
EndProject
Project("{8BC9CEB8-8B4A-11D0-8D11-00A0C91BC942}") = "libbulletmath", "..\..\lib\bullet\msvc\8\libbulletmath.vcxproj", "{7D6E339F-9C2C-31DA-FDB0-5EE50973CF2A}"
EndProject
Global
	GlobalSection(SourceCodeControl) = preSolution
		SccNumberOfProjects = 5
		SccLocalPath0 = .
		SccProjectUniqueName1 = game.vcxproj
		SccLocalPath1 = .
		SccProjectUniqueName2 = ..\\..\\lib\\bullet\\msvc\\8\\libbulletcollision.vcxproj
		SccLocalPath2 = ..\\..\\lib\\bullet
		SccProjectFilePathRelativizedFromConnection2 = msvc\\8\\
		SccProjectUniqueName3 = ..\\..\\lib\\bullet\\msvc\\8\\libbulletdynamics.vcxproj
		SccLocalPath3 = ..\\..\\lib\\bullet
		SccProjectFilePathRelativizedFromConnection3 = msvc\\8\\
		SccProjectUniqueName4 = ..\\..\\lib\\bullet\\msvc\\8\\libbulletmath.vcxproj
		SccLocalPath4 = ..\\..\\lib\\bullet
		SccProjectFilePathRelativizedFromConnection4 = msvc\\8\\
	EndGlobalSection
	GlobalSection(SolutionConfigurationPlatforms) = preSolution
		Debug|Win32 = Debug|Win32
		Release|Win32 = Release|Win32
	EndGlobalSection
	GlobalSection(ProjectConfigurationPlatforms) = postSolution
		{378E277F-6DA0-4E8F-BFAE-948496DD3BD4}.Debug|Win32.ActiveCfg = Debug|Win32
		{378E277F-6DA0-4E8F-BFAE-948496DD3BD4}.Debug|Win32.Build.0 = Debug|Win32
		{378E277F-6DA0-4E8F-BFAE-948496DD3BD4}.Release|Win32.ActiveCfg = Release|Win32
		{378E277F-6DA0-4E8F-BFAE-948496DD3BD4}.Release|Win32.Build.0 = Release|Win32
		{6ADA430D-009C-2ED4-A787-2AC2D6FEB8CE}.Debug|Win32.ActiveCfg = Debug|Win32
		{6ADA430D-009C-2ED4-A787-2AC2D6FEB8CE}.Debug|Win32.Build.0 = Debug|Win32
		{6ADA430D-009C-2ED4-A787-2AC2D6FEB8CE}.Release|Win32.ActiveCfg = Release|Win32
		{6ADA430D-009C-2ED4-A787-2AC2D6FEB8CE}.Release|Win32.Build.0 = Release|Win32
		{61BD1097-CF2E-B296-DAA9-73A6FE135319}.Debug|Win32.ActiveCfg = Debug|Win32
		{61BD1097-CF2E-B296-DAA9-73A6FE135319}.Debug|Win32.Build.0 = Debug|Win32
		{61BD1097-CF2E-B296-DAA9-73A6FE135319}.Release|Win32.ActiveCfg = Release|Win32
		{61BD1097-CF2E-B296-DAA9-73A6FE135319}.Release|Win32.Build.0 = Release|Win32
		{7D6E339F-9C2C-31DA-FDB0-5EE50973CF2A}.Debug|Win32.ActiveCfg = Debug|Win32
		{7D6E339F-9C2C-31DA-FDB0-5EE50973CF2A}.Debug|Win32.Build.0 = Debug|Win32
		{7D6E339F-9C2C-31DA-FDB0-5EE50973CF2A}.Release|Win32.ActiveCfg = Release|Win32
		{7D6E339F-9C2C-31DA-FDB0-5EE50973CF2A}.Release|Win32.Build.0 = Release|Win32
	EndGlobalSection
	GlobalSection(SolutionProperties) = preSolution
		HideSolutionNode = FALSE
	EndGlobalSection
EndGlobal
